// !$*UTF8*$!
{
	archiveVersion = 1;
	classes = {
	};
	objectVersion = 77;
	objects = {

/* Begin PBXBuildFile section */
		05957752250D9D066F5CDC20 /* Assets.xcassets in Resources */ = {isa = PBXBuildFile; fileRef = F57A0E6C2693DFD46FF77CA5 /* Assets.xcassets */; };
		0C4A58219CCA419780CE6013 /* QRScannerView.swift in Sources */ = {isa = PBXBuildFile; fileRef = C4040A706001A2381889EA6A /* QRScannerView.swift */; };
		18B56AD6FE02F48A96311696 /* Assets.xcassets in Resources */ = {isa = PBXBuildFile; fileRef = 25300F70EF6EA18806DD4C45 /* Assets.xcassets */; };
		2A2EE41ADAB37632DEC0A16F /* AirPadView.swift in Sources */ = {isa = PBXBuildFile; fileRef = 9577566716851E5CD4FFD3E8 /* AirPadView.swift */; };
		496949CC7BFA7D0F0B5D3454 /* SettingsView.swift in Sources */ = {isa = PBXBuildFile; fileRef = 2A5202506C4A0D8B246754F5 /* SettingsView.swift */; };
		4AB48C7983335C73BACC129F /* NetworkClient.swift in Sources */ = {isa = PBXBuildFile; fileRef = B7A1BC82A664D94939ED8E21 /* NetworkClient.swift */; };
		4F59DA11CECCFEF0141C9EE9 /* KeyboardView.swift in Sources */ = {isa = PBXBuildFile; fileRef = 2AC7C456530460CF3087DF11 /* KeyboardView.swift */; };
		559CF95EB1BAAB15F49F82E7 /* TrackpadView.swift in Sources */ = {isa = PBXBuildFile; fileRef = 4087355484AEC09E062D087E /* TrackpadView.swift */; };
		889F53D5A5001658902F26A3 /* PaywallView.swift in Sources */ = {isa = PBXBuildFile; fileRef = 29677A31F8171490B14B03EE /* PaywallView.swift */; };
		A56FAC1837917087465CF660 /* SubscriptionManager.swift in Sources */ = {isa = PBXBuildFile; fileRef = CBBCBD8515B964BB59C76B44 /* SubscriptionManager.swift */; };
		A5A219DCBE21A57197A85376 /* PairingView.swift in Sources */ = {isa = PBXBuildFile; fileRef = 1EF9428A89CF7CBAC54E9399 /* PairingView.swift */; };
		B7970423C6A744EFC9F3772D /* Localization.swift in Sources */ = {isa = PBXBuildFile; fileRef = E78EEB0BBAA5742073B1D9CF /* Localization.swift */; };
		BBC0344A38412154D0FB6DBF /* OnboardingView.swift in Sources */ = {isa = PBXBuildFile; fileRef = 76C6ED2D9369FBAF9490624E /* OnboardingView.swift */; };
		C5FA355DCCB48377595DEE5A /* AirPadApp.swift in Sources */ = {isa = PBXBuildFile; fileRef = CB77FB4CC19AAE1CDADC28E1 /* AirPadApp.swift */; };
		D1BF0F5C3ED6A953D830FBFB /* PairedMac.swift in Sources */ = {isa = PBXBuildFile; fileRef = 78C66586A928781737AA800D /* PairedMac.swift */; };
		D1FFD143BEA91B4E162D53EC /* OnboardingIllustrations.swift in Sources */ = {isa = PBXBuildFile; fileRef = BD3046C82DD9A51EAB8B5B88 /* OnboardingIllustrations.swift */; };
		DE63B14CBD86E8E77DD59F59 /* Server.swift in Sources */ = {isa = PBXBuildFile; fileRef = 99582E017A94B2D80BA60854 /* Server.swift */; };
		DF6F4648704249A448D1DE41 /* MouseServer.swift in Sources */ = {isa = PBXBuildFile; fileRef = F843BC19B017AD14C3BB723D /* MouseServer.swift */; };
		E6A1085F10DEFB645133C920 /* KeyboardModel.swift in Sources */ = {isa = PBXBuildFile; fileRef = DB69BDE75742BCA6BA501AD4 /* KeyboardModel.swift */; };
		EA1A9876A742D8ADFD32FD11 /* AccessibilityManager.swift in Sources */ = {isa = PBXBuildFile; fileRef = D2C4FFD6F6A89CBE92C613E1 /* AccessibilityManager.swift */; };
		EEF8FD260856C33158F6A6B3 /* Pairing.swift in Sources */ = {isa = PBXBuildFile; fileRef = 1925696B2C6727AF64550A2B /* Pairing.swift */; };
		FA57C66CF13F8BDBD72D27E9 /* Analytics.swift in Sources */ = {isa = PBXBuildFile; fileRef = 8F31F5AACF6D8F674ABBD657 /* Analytics.swift */; };
/* End PBXBuildFile section */

/* Begin PBXFileReference section */
		1925696B2C6727AF64550A2B /* Pairing.swift */ = {isa = PBXFileReference; lastKnownFileType = sourcecode.swift; path = Pairing.swift; sourceTree = "<group>"; };
		1EF9428A89CF7CBAC54E9399 /* PairingView.swift */ = {isa = PBXFileReference; lastKnownFileType = sourcecode.swift; path = PairingView.swift; sourceTree = "<group>"; };
		25300F70EF6EA18806DD4C45 /* Assets.xcassets */ = {isa = PBXFileReference; lastKnownFileType = folder.assetcatalog; path = Assets.xcassets; sourceTree = "<group>"; };
		29677A31F8171490B14B03EE /* PaywallView.swift */ = {isa = PBXFileReference; lastKnownFileType = sourcecode.swift; path = PaywallView.swift; sourceTree = "<group>"; };
		2A5202506C4A0D8B246754F5 /* SettingsView.swift */ = {isa = PBXFileReference; lastKnownFileType = sourcecode.swift; path = SettingsView.swift; sourceTree = "<group>"; };
		2AC7C456530460CF3087DF11 /* KeyboardView.swift */ = {isa = PBXFileReference; lastKnownFileType = sourcecode.swift; path = KeyboardView.swift; sourceTree = "<group>"; };
		2AEF147DBF538D4B9424A95C /* AirPadServer.app */ = {isa = PBXFileReference; explicitFileType = wrapper.application; includeInIndex = 0; path = AirPadServer.app; sourceTree = BUILT_PRODUCTS_DIR; };
		38CCE540C62526E9FD4D4D90 /* AirPadClient.app */ = {isa = PBXFileReference; includeInIndex = 0; lastKnownFileType = wrapper.application; path = AirPadClient.app; sourceTree = BUILT_PRODUCTS_DIR; };
		4087355484AEC09E062D087E /* TrackpadView.swift */ = {isa = PBXFileReference; lastKnownFileType = sourcecode.swift; path = TrackpadView.swift; sourceTree = "<group>"; };
		76C6ED2D9369FBAF9490624E /* OnboardingView.swift */ = {isa = PBXFileReference; lastKnownFileType = sourcecode.swift; path = OnboardingView.swift; sourceTree = "<group>"; };
		78C66586A928781737AA800D /* PairedMac.swift */ = {isa = PBXFileReference; lastKnownFileType = sourcecode.swift; path = PairedMac.swift; sourceTree = "<group>"; };
		8F31F5AACF6D8F674ABBD657 /* Analytics.swift */ = {isa = PBXFileReference; lastKnownFileType = sourcecode.swift; path = Analytics.swift; sourceTree = "<group>"; };
		9577566716851E5CD4FFD3E8 /* AirPadView.swift */ = {isa = PBXFileReference; lastKnownFileType = sourcecode.swift; path = AirPadView.swift; sourceTree = "<group>"; };
		99582E017A94B2D80BA60854 /* Server.swift */ = {isa = PBXFileReference; lastKnownFileType = sourcecode.swift; path = Server.swift; sourceTree = "<group>"; };
		B7A1BC82A664D94939ED8E21 /* NetworkClient.swift */ = {isa = PBXFileReference; lastKnownFileType = sourcecode.swift; path = NetworkClient.swift; sourceTree = "<group>"; };
		BD3046C82DD9A51EAB8B5B88 /* OnboardingIllustrations.swift */ = {isa = PBXFileReference; lastKnownFileType = sourcecode.swift; path = OnboardingIllustrations.swift; sourceTree = "<group>"; };
		C4040A706001A2381889EA6A /* QRScannerView.swift */ = {isa = PBXFileReference; lastKnownFileType = sourcecode.swift; path = QRScannerView.swift; sourceTree = "<group>"; };
		CB77FB4CC19AAE1CDADC28E1 /* AirPadApp.swift */ = {isa = PBXFileReference; lastKnownFileType = sourcecode.swift; path = AirPadApp.swift; sourceTree = "<group>"; };
		CBBCBD8515B964BB59C76B44 /* SubscriptionManager.swift */ = {isa = PBXFileReference; lastKnownFileType = sourcecode.swift; path = SubscriptionManager.swift; sourceTree = "<group>"; };
		D2C4FFD6F6A89CBE92C613E1 /* AccessibilityManager.swift */ = {isa = PBXFileReference; lastKnownFileType = sourcecode.swift; path = AccessibilityManager.swift; sourceTree = "<group>"; };
		DB69BDE75742BCA6BA501AD4 /* KeyboardModel.swift */ = {isa = PBXFileReference; lastKnownFileType = sourcecode.swift; path = KeyboardModel.swift; sourceTree = "<group>"; };
		E78EEB0BBAA5742073B1D9CF /* Localization.swift */ = {isa = PBXFileReference; lastKnownFileType = sourcecode.swift; path = Localization.swift; sourceTree = "<group>"; };
		F57A0E6C2693DFD46FF77CA5 /* Assets.xcassets */ = {isa = PBXFileReference; lastKnownFileType = folder.assetcatalog; path = Assets.xcassets; sourceTree = "<group>"; };
		F843BC19B017AD14C3BB723D /* MouseServer.swift */ = {isa = PBXFileReference; lastKnownFileType = sourcecode.swift; path = MouseServer.swift; sourceTree = "<group>"; };
/* End PBXFileReference section */

/* Begin PBXGroup section */
		0CBB27070FCF16E94C2A0BF2 /* Views */ = {
			isa = PBXGroup;
			children = (
				9577566716851E5CD4FFD3E8 /* AirPadView.swift */,
				2AC7C456530460CF3087DF11 /* KeyboardView.swift */,
				1EF9428A89CF7CBAC54E9399 /* PairingView.swift */,
				C4040A706001A2381889EA6A /* QRScannerView.swift */,
				2A5202506C4A0D8B246754F5 /* SettingsView.swift */,
				4087355484AEC09E062D087E /* TrackpadView.swift */,
			);
			path = Views;
			sourceTree = "<group>";
		};
		26FC12AB223FFD6B4DD4A9EE /* Server */ = {
			isa = PBXGroup;
			children = (
				25300F70EF6EA18806DD4C45 /* Assets.xcassets */,
			);
			path = Server;
			sourceTree = "<group>";
		};
		4ABAA4FAF774A15F171E6803 /* Onboarding */ = {
			isa = PBXGroup;
			children = (
				BD3046C82DD9A51EAB8B5B88 /* OnboardingIllustrations.swift */,
				76C6ED2D9369FBAF9490624E /* OnboardingView.swift */,
			);
			path = Onboarding;
			sourceTree = "<group>";
		};
		5EFF8AA1C59F0ECB778EDD27 /* Keyboard */ = {
			isa = PBXGroup;
			children = (
				DB69BDE75742BCA6BA501AD4 /* KeyboardModel.swift */,
			);
			path = Keyboard;
			sourceTree = "<group>";
		};
		5FAE62DFB0164096C978420A /* Networking */ = {
			isa = PBXGroup;
			children = (
				B7A1BC82A664D94939ED8E21 /* NetworkClient.swift */,
				78C66586A928781737AA800D /* PairedMac.swift */,
			);
			path = Networking;
			sourceTree = "<group>";
		};
		65BE1F63AAE168597AA14654 /* Server */ = {
			isa = PBXGroup;
			children = (
				D2C4FFD6F6A89CBE92C613E1 /* AccessibilityManager.swift */,
				F843BC19B017AD14C3BB723D /* MouseServer.swift */,
				1925696B2C6727AF64550A2B /* Pairing.swift */,
				99582E017A94B2D80BA60854 /* Server.swift */,
			);
			name = Server;
			path = Server/Sources/Server;
			sourceTree = "<group>";
		};
		6DF7A2FFE881BD7DF91C35E4 /* Client */ = {
			isa = PBXGroup;
			children = (
				CB77FB4CC19AAE1CDADC28E1 /* AirPadApp.swift */,
				F57A0E6C2693DFD46FF77CA5 /* Assets.xcassets */,
				E78EEB0BBAA5742073B1D9CF /* Localization.swift */,
				5EFF8AA1C59F0ECB778EDD27 /* Keyboard */,
				5FAE62DFB0164096C978420A /* Networking */,
				4ABAA4FAF774A15F171E6803 /* Onboarding */,
				8BA17EC0C21E244FD6CF1D4E /* Paywall */,
				CE1E55BDBC40866B36EB6747 /* Services */,
				0CBB27070FCF16E94C2A0BF2 /* Views */,
			);
			path = Client;
			sourceTree = "<group>";
		};
		772C30E361C97B9515651400 = {
			isa = PBXGroup;
			children = (
				6DF7A2FFE881BD7DF91C35E4 /* Client */,
				26FC12AB223FFD6B4DD4A9EE /* Server */,
				65BE1F63AAE168597AA14654 /* Server */,
				95C31440F925CC38D4918A3D /* Products */,
			);
			sourceTree = "<group>";
		};
		8BA17EC0C21E244FD6CF1D4E /* Paywall */ = {
			isa = PBXGroup;
			children = (
				29677A31F8171490B14B03EE /* PaywallView.swift */,
			);
			path = Paywall;
			sourceTree = "<group>";
		};
		95C31440F925CC38D4918A3D /* Products */ = {
			isa = PBXGroup;
			children = (
				38CCE540C62526E9FD4D4D90 /* AirPadClient.app */,
				2AEF147DBF538D4B9424A95C /* AirPadServer.app */,
			);
			name = Products;
			sourceTree = "<group>";
		};
		CE1E55BDBC40866B36EB6747 /* Services */ = {
			isa = PBXGroup;
			children = (
				8F31F5AACF6D8F674ABBD657 /* Analytics.swift */,
				CBBCBD8515B964BB59C76B44 /* SubscriptionManager.swift */,
			);
			path = Services;
			sourceTree = "<group>";
		};
/* End PBXGroup section */

/* Begin PBXNativeTarget section */
		05F1EDD1C2625853484781D3 /* AirPadClient */ = {
			isa = PBXNativeTarget;
			buildConfigurationList = EA09559CA91F80A26904D6ED /* Build configuration list for PBXNativeTarget "AirPadClient" */;
			buildPhases = (
				0F615AD60C3E41B7E3FEEB9A /* Sources */,
				8D032FC2CCAEDBF7CC78A3BF /* Resources */,
			);
			buildRules = (
			);
			dependencies = (
			);
			name = AirPadClient;
			packageProductDependencies = (
			);
			productName = AirPadClient;
			productReference = 38CCE540C62526E9FD4D4D90 /* AirPadClient.app */;
			productType = "com.apple.product-type.application";
		};
		80E80EAE2EA9B6FE5EDC75DD /* AirPadServer */ = {
			isa = PBXNativeTarget;
			buildConfigurationList = 8514E122875806B64B9DD199 /* Build configuration list for PBXNativeTarget "AirPadServer" */;
			buildPhases = (
				14972A077F5299B789FD1646 /* Sources */,
				EF4B341818FD8A15E5575C2C /* Resources */,
			);
			buildRules = (
			);
			dependencies = (
			);
			name = AirPadServer;
			packageProductDependencies = (
			);
			productName = AirPadServer;
			productReference = 2AEF147DBF538D4B9424A95C /* AirPadServer.app */;
			productType = "com.apple.product-type.application";
		};
/* End PBXNativeTarget section */

/* Begin PBXProject section */
		88710B490536A898E4AE3E9F /* Project object */ = {
			isa = PBXProject;
			attributes = {
				BuildIndependentTargetsInParallel = YES;
				LastUpgradeCheck = 1430;
				TargetAttributes = {
					05F1EDD1C2625853484781D3 = {
						DevelopmentTeam = HZ3366WY57;
					};
					80E80EAE2EA9B6FE5EDC75DD = {
						DevelopmentTeam = HZ3366WY57;
					};
				};
			};
			buildConfigurationList = 5B38874CB5721F6BC454D594 /* Build configuration list for PBXProject "AirPad" */;
			compatibilityVersion = "Xcode 14.0";
			developmentRegion = en;
			hasScannedForEncodings = 0;
			knownRegions = (
				Base,
				en,
			);
			mainGroup = 772C30E361C97B9515651400;
			minimizedProjectReferenceProxies = 1;
			preferredProjectObjectVersion = 77;
			projectDirPath = "";
			projectRoot = "";
			targets = (
				05F1EDD1C2625853484781D3 /* AirPadClient */,
				80E80EAE2EA9B6FE5EDC75DD /* AirPadServer */,
			);
		};
/* End PBXProject section */

/* Begin PBXResourcesBuildPhase section */
		8D032FC2CCAEDBF7CC78A3BF /* Resources */ = {
			isa = PBXResourcesBuildPhase;
			buildActionMask = 2147483647;
			files = (
				05957752250D9D066F5CDC20 /* Assets.xcassets in Resources */,
			);
			runOnlyForDeploymentPostprocessing = 0;
		};
		EF4B341818FD8A15E5575C2C /* Resources */ = {
			isa = PBXResourcesBuildPhase;
			buildActionMask = 2147483647;
			files = (
				18B56AD6FE02F48A96311696 /* Assets.xcassets in Resources */,
			);
			runOnlyForDeploymentPostprocessing = 0;
		};
/* End PBXResourcesBuildPhase section */

/* Begin PBXSourcesBuildPhase section */
		0F615AD60C3E41B7E3FEEB9A /* Sources */ = {
			isa = PBXSourcesBuildPhase;
			buildActionMask = 2147483647;
			files = (
				C5FA355DCCB48377595DEE5A /* AirPadApp.swift in Sources */,
				2A2EE41ADAB37632DEC0A16F /* AirPadView.swift in Sources */,
				FA57C66CF13F8BDBD72D27E9 /* Analytics.swift in Sources */,
				E6A1085F10DEFB645133C920 /* KeyboardModel.swift in Sources */,
				4F59DA11CECCFEF0141C9EE9 /* KeyboardView.swift in Sources */,
				B7970423C6A744EFC9F3772D /* Localization.swift in Sources */,
				4AB48C7983335C73BACC129F /* NetworkClient.swift in Sources */,
				D1FFD143BEA91B4E162D53EC /* OnboardingIllustrations.swift in Sources */,
				BBC0344A38412154D0FB6DBF /* OnboardingView.swift in Sources */,
				D1BF0F5C3ED6A953D830FBFB /* PairedMac.swift in Sources */,
				A5A219DCBE21A57197A85376 /* PairingView.swift in Sources */,
				889F53D5A5001658902F26A3 /* PaywallView.swift in Sources */,
				0C4A58219CCA419780CE6013 /* QRScannerView.swift in Sources */,
				496949CC7BFA7D0F0B5D3454 /* SettingsView.swift in Sources */,
				A56FAC1837917087465CF660 /* SubscriptionManager.swift in Sources */,
				559CF95EB1BAAB15F49F82E7 /* TrackpadView.swift in Sources */,
			);
			runOnlyForDeploymentPostprocessing = 0;
		};
		14972A077F5299B789FD1646 /* Sources */ = {
			isa = PBXSourcesBuildPhase;
			buildActionMask = 2147483647;
			files = (
				EA1A9876A742D8ADFD32FD11 /* AccessibilityManager.swift in Sources */,
				DF6F4648704249A448D1DE41 /* MouseServer.swift in Sources */,
				EEF8FD260856C33158F6A6B3 /* Pairing.swift in Sources */,
				DE63B14CBD86E8E77DD59F59 /* Server.swift in Sources */,
			);
			runOnlyForDeploymentPostprocessing = 0;
		};
/* End PBXSourcesBuildPhase section */

/* Begin XCBuildConfiguration section */
		716C3D3FB5E1D3FBEF2729B8 /* Debug */ = {
			isa = XCBuildConfiguration;
			buildSettings = {
				ASSETCATALOG_COMPILER_APPICON_NAME = AppIcon;
				COMBINE_HIDPI_IMAGES = YES;
				CURRENT_PROJECT_VERSION = 1;
				DEVELOPMENT_TEAM = HZ3366WY57;
				GENERATE_INFOPLIST_FILE = YES;
				LD_RUNPATH_SEARCH_PATHS = (
					"$(inherited)",
					"@executable_path/../Frameworks",
				);
				LSUIElement = YES;
				MACOSX_DEPLOYMENT_TARGET = 13.0;
				MARKETING_VERSION = 1.0;
				PRODUCT_BUNDLE_IDENTIFIER = com.abdouldotdev.AirPadServer;
				SDKROOT = macosx;
				SWIFT_VERSION = 5.0;
			};
			name = Debug;
		};
		886247D1B0A418D294C351B4 /* Debug */ = {
			isa = XCBuildConfiguration;
			buildSettings = {
				ALWAYS_SEARCH_USER_PATHS = NO;
				CLANG_ANALYZER_NONNULL = YES;
				CLANG_ANALYZER_NUMBER_OBJECT_CONVERSION = YES_AGGRESSIVE;
				CLANG_CXX_LANGUAGE_STANDARD = "gnu++14";
				CLANG_CXX_LIBRARY = "libc++";
				CLANG_ENABLE_MODULES = YES;
				CLANG_ENABLE_OBJC_ARC = YES;
				CLANG_ENABLE_OBJC_WEAK = YES;
				CLANG_WARN_BLOCK_CAPTURE_AUTORELEASING = YES;
				CLANG_WARN_BOOL_CONVERSION = YES;
				CLANG_WARN_COMMA = YES;
				CLANG_WARN_CONSTANT_CONVERSION = YES;
				CLANG_WARN_DEPRECATED_OBJC_IMPLEMENTATIONS = YES;
				CLANG_WARN_DIRECT_OBJC_ISA_USAGE = YES_ERROR;
				CLANG_WARN_DOCUMENTATION_COMMENTS = YES;
				CLANG_WARN_EMPTY_BODY = YES;
				CLANG_WARN_ENUM_CONVERSION = YES;
				CLANG_WARN_INFINITE_RECURSION = YES;
				CLANG_WARN_INT_CONVERSION = YES;
				CLANG_WARN_NON_LITERAL_NULL_CONVERSION = YES;
				CLANG_WARN_OBJC_IMPLICIT_RETAIN_SELF = YES;
				CLANG_WARN_OBJC_LITERAL_CONVERSION = YES;
				CLANG_WARN_OBJC_ROOT_CLASS = YES_ERROR;
				CLANG_WARN_QUOTED_INCLUDE_IN_FRAMEWORK_HEADER = YES;
				CLANG_WARN_RANGE_LOOP_ANALYSIS = YES;
				CLANG_WARN_STRICT_PROTOTYPES = YES;
				CLANG_WARN_SUSPICIOUS_MOVE = YES;
				CLANG_WARN_UNGUARDED_AVAILABILITY = YES_AGGRESSIVE;
				CLANG_WARN_UNREACHABLE_CODE = YES;
				CLANG_WARN__DUPLICATE_METHOD_MATCH = YES;
				COPY_PHASE_STRIP = NO;
				DEBUG_INFORMATION_FORMAT = dwarf;
				ENABLE_STRICT_OBJC_MSGSEND = YES;
				ENABLE_TESTABILITY = YES;
				GCC_C_LANGUAGE_STANDARD = gnu11;
				GCC_DYNAMIC_NO_PIC = NO;
				GCC_NO_COMMON_BLOCKS = YES;
				GCC_OPTIMIZATION_LEVEL = 0;
				GCC_PREPROCESSOR_DEFINITIONS = (
					"$(inherited)",
					"DEBUG=1",
				);
				GCC_WARN_64_TO_32_BIT_CONVERSION = YES;
				GCC_WARN_ABOUT_RETURN_TYPE = YES_ERROR;
				GCC_WARN_UNDECLARED_SELECTOR = YES;
				GCC_WARN_UNINITIALIZED_AUTOS = YES_AGGRESSIVE;
				GCC_WARN_UNUSED_FUNCTION = YES;
				GCC_WARN_UNUSED_VARIABLE = YES;
				MTL_ENABLE_DEBUG_INFO = INCLUDE_SOURCE;
				MTL_FAST_MATH = YES;
				ONLY_ACTIVE_ARCH = YES;
				PRODUCT_NAME = "$(TARGET_NAME)";
				SWIFT_ACTIVE_COMPILATION_CONDITIONS = DEBUG;
				SWIFT_OPTIMIZATION_LEVEL = "-Onone";
				SWIFT_VERSION = 5.0;
			};
			name = Debug;
		};
		8C0874C16FB43A9578AD020D /* Release */ = {
			isa = XCBuildConfiguration;
			buildSettings = {
				ASSETCATALOG_COMPILER_APPICON_NAME = AppIcon;
				CODE_SIGN_IDENTITY = "iPhone Developer";
				CURRENT_PROJECT_VERSION = 1;
				DEVELOPMENT_TEAM = HZ3366WY57;
				GENERATE_INFOPLIST_FILE = YES;
				INFOPLIST_KEY_NSCameraUsageDescription = "AirPad needs camera access to scan QR codes for pairing.";
				INFOPLIST_KEY_NSLocalNetworkUsageDescription = "AirPad needs local network to connect to Mac.";
				INFOPLIST_KEY_UIApplicationSceneManifest_Generation = YES;
				INFOPLIST_KEY_UILaunchScreen_Generation = YES;
				IPHONEOS_DEPLOYMENT_TARGET = 16.0;
				LD_RUNPATH_SEARCH_PATHS = (
					"$(inherited)",
					"@executable_path/Frameworks",
				);
				MARKETING_VERSION = 1.0;
				PRODUCT_BUNDLE_IDENTIFIER = com.abdouldotdev.AirPadClient;
				SDKROOT = iphoneos;
				SWIFT_VERSION = 5.0;
				TARGETED_DEVICE_FAMILY = "1,2";
			};
			name = Release;
		};
		963727C1E3523F95FD088EDF /* Debug */ = {
			isa = XCBuildConfiguration;
			buildSettings = {
				ASSETCATALOG_COMPILER_APPICON_NAME = AppIcon;
				CODE_SIGN_IDENTITY = "iPhone Developer";
				CURRENT_PROJECT_VERSION = 1;
				DEVELOPMENT_TEAM = HZ3366WY57;
				GENERATE_INFOPLIST_FILE = YES;
				INFOPLIST_KEY_NSCameraUsageDescription = "AirPad needs camera access to scan QR codes for pairing.";
				INFOPLIST_KEY_NSLocalNetworkUsageDescription = "AirPad needs local network to connect to Mac.";
				INFOPLIST_KEY_UIApplicationSceneManifest_Generation = YES;
				INFOPLIST_KEY_UILaunchScreen_Generation = YES;
				IPHONEOS_DEPLOYMENT_TARGET = 16.0;
				LD_RUNPATH_SEARCH_PATHS = (
					"$(inherited)",
					"@executable_path/Frameworks",
				);
				MARKETING_VERSION = 1.0;
				PRODUCT_BUNDLE_IDENTIFIER = com.abdouldotdev.AirPadClient;
				SDKROOT = iphoneos;
				SWIFT_VERSION = 5.0;
				TARGETED_DEVICE_FAMILY = "1,2";
			};
			name = Debug;
		};
		B27FE73CB72B72670933BB24 /* Release */ = {
			isa = XCBuildConfiguration;
			buildSettings = {
				ALWAYS_SEARCH_USER_PATHS = NO;
				CLANG_ANALYZER_NONNULL = YES;
				CLANG_ANALYZER_NUMBER_OBJECT_CONVERSION = YES_AGGRESSIVE;
				CLANG_CXX_LANGUAGE_STANDARD = "gnu++14";
				CLANG_CXX_LIBRARY = "libc++";
				CLANG_ENABLE_MODULES = YES;
				CLANG_ENABLE_OBJC_ARC = YES;
				CLANG_ENABLE_OBJC_WEAK = YES;
				CLANG_WARN_BLOCK_CAPTURE_AUTORELEASING = YES;
				CLANG_WARN_BOOL_CONVERSION = YES;
				CLANG_WARN_COMMA = YES;
				CLANG_WARN_CONSTANT_CONVERSION = YES;
				CLANG_WARN_DEPRECATED_OBJC_IMPLEMENTATIONS = YES;
				CLANG_WARN_DIRECT_OBJC_ISA_USAGE = YES_ERROR;
				CLANG_WARN_DOCUMENTATION_COMMENTS = YES;
				CLANG_WARN_EMPTY_BODY = YES;
				CLANG_WARN_ENUM_CONVERSION = YES;
				CLANG_WARN_INFINITE_RECURSION = YES;
				CLANG_WARN_INT_CONVERSION = YES;
				CLANG_WARN_NON_LITERAL_NULL_CONVERSION = YES;
				CLANG_WARN_OBJC_IMPLICIT_RETAIN_SELF = YES;
				CLANG_WARN_OBJC_LITERAL_CONVERSION = YES;
				CLANG_WARN_OBJC_ROOT_CLASS = YES_ERROR;
				CLANG_WARN_QUOTED_INCLUDE_IN_FRAMEWORK_HEADER = YES;
				CLANG_WARN_RANGE_LOOP_ANALYSIS = YES;
				CLANG_WARN_STRICT_PROTOTYPES = YES;
				CLANG_WARN_SUSPICIOUS_MOVE = YES;
				CLANG_WARN_UNGUARDED_AVAILABILITY = YES_AGGRESSIVE;
				CLANG_WARN_UNREACHABLE_CODE = YES;
				CLANG_WARN__DUPLICATE_METHOD_MATCH = YES;
				COPY_PHASE_STRIP = NO;
				DEBUG_INFORMATION_FORMAT = "dwarf-with-dsym";
				ENABLE_NS_ASSERTIONS = NO;
				ENABLE_STRICT_OBJC_MSGSEND = YES;
				GCC_C_LANGUAGE_STANDARD = gnu11;
				GCC_NO_COMMON_BLOCKS = YES;
				GCC_WARN_64_TO_32_BIT_CONVERSION = YES;
				GCC_WARN_ABOUT_RETURN_TYPE = YES_ERROR;
				GCC_WARN_UNDECLARED_SELECTOR = YES;
				GCC_WARN_UNINITIALIZED_AUTOS = YES_AGGRESSIVE;
				GCC_WARN_UNUSED_FUNCTION = YES;
				GCC_WARN_UNUSED_VARIABLE = YES;
				MTL_ENABLE_DEBUG_INFO = NO;
				MTL_FAST_MATH = YES;
				PRODUCT_NAME = "$(TARGET_NAME)";
				SWIFT_COMPILATION_MODE = wholemodule;
				SWIFT_OPTIMIZATION_LEVEL = "-O";
				SWIFT_VERSION = 5.0;
			};
			name = Release;
		};
		E7136BE53624F73962121A58 /* Release */ = {
			isa = XCBuildConfiguration;
			buildSettings = {
				ASSETCATALOG_COMPILER_APPICON_NAME = AppIcon;
				COMBINE_HIDPI_IMAGES = YES;
				CURRENT_PROJECT_VERSION = 1;
				DEVELOPMENT_TEAM = HZ3366WY57;
				GENERATE_INFOPLIST_FILE = YES;
				LD_RUNPATH_SEARCH_PATHS = (
					"$(inherited)",
					"@executable_path/../Frameworks",
				);
				LSUIElement = YES;
				MACOSX_DEPLOYMENT_TARGET = 13.0;
				MARKETING_VERSION = 1.0;
				PRODUCT_BUNDLE_IDENTIFIER = com.abdouldotdev.AirPadServer;
				SDKROOT = macosx;
				SWIFT_VERSION = 5.0;
			};
			name = Release;
		};
/* End XCBuildConfiguration section */

/* Begin XCConfigurationList section */
		5B38874CB5721F6BC454D594 /* Build configuration list for PBXProject "AirPad" */ = {
			isa = XCConfigurationList;
			buildConfigurations = (
				886247D1B0A418D294C351B4 /* Debug */,
				B27FE73CB72B72670933BB24 /* Release */,
			);
			defaultConfigurationIsVisible = 0;
			defaultConfigurationName = Debug;
		};
		8514E122875806B64B9DD199 /* Build configuration list for PBXNativeTarget "AirPadServer" */ = {
			isa = XCConfigurationList;
			buildConfigurations = (
				716C3D3FB5E1D3FBEF2729B8 /* Debug */,
				E7136BE53624F73962121A58 /* Release */,
			);
			defaultConfigurationIsVisible = 0;
			defaultConfigurationName = Debug;
		};
		EA09559CA91F80A26904D6ED /* Build configuration list for PBXNativeTarget "AirPadClient" */ = {
			isa = XCConfigurationList;
			buildConfigurations = (
				963727C1E3523F95FD088EDF /* Debug */,
				8C0874C16FB43A9578AD020D /* Release */,
			);
			defaultConfigurationIsVisible = 0;
			defaultConfigurationName = Debug;
		};
/* End XCConfigurationList section */
	};
	rootObject = 88710B490536A898E4AE3E9F /* Project object */;
}
