{
  "originHash" : "4c760c6dc45be07e7e5e7439514854400b595ca29a81d1a913b2a9eba2aebd84",
  "pins" : [
    {
      "identity" : "posthog-ios",
      "kind" : "remoteSourceControl",
      "location" : "https://github.com/PostHog/posthog-ios",
      "state" : {
        "revision" : "4cf77c21b424ca16ec827da2fb3f0c61ee90d2aa",
        "version" : "3.69.12"
      }
    },
    {
      "identity" : "purchases-ios",
      "kind" : "remoteSourceControl",
      "location" : "https://github.com/RevenueCat/purchases-ios",
      "state" : {
        "revision" : "36d158d0f2fc1a81ca69207bea2ab03aa436398c",
        "version" : "5.87.0"
      }
    }
  ],
  "version" : 3
}
